
Microsoft Visual Studio Solution File, Format Version 12.00
# Visual Studio Version 17
VisualStudioVersion = 17.10.35013.160
MinimumVisualStudioVersion = 10.0.40219.1
Project("{FAE04EC0-301F-11D3-BF4B-00C04F79EFBC}") = "Test", "Test\Test.csproj", "{7EAE7DEB-5DA5-456A-820F-5F102000A160}"
EndProject
Global
	GlobalSection(SolutionConfigurationPlatforms) = preSolution
		Debug|Any CPU = Debug|Any CPU
		Release|Any CPU = Release|Any CPU
	EndGlobalSection
	GlobalSection(ProjectConfigurationPlatforms) = postSolution
		{7EAE7DEB-5DA5-456A-820F-5F102000A160}.Debug|Any CPU.ActiveCfg = Debug|Any CPU
		{7EAE7DEB-5DA5-456A-820F-5F102000A160}.Debug|Any CPU.Build.0 = Debug|Any CPU
		{7EAE7DEB-5DA5-456A-820F-5F102000A160}.Release|Any CPU.ActiveCfg = Release|Any CPU
		{7EAE7DEB-5DA5-456A-820F-5F102000A160}.Release|Any CPU.Build.0 = Release|Any CPU
	EndGlobalSection
	GlobalSection(SolutionProperties) = preSolution
		HideSolutionNode = FALSE
	EndGlobalSection
	GlobalSection(ExtensibilityGlobals) = postSolution
		SolutionGuid = {7C935EF3-FD20-44F3-A842-AEE44DEECADF}
	EndGlobalSection
EndGlobal
